{
  "name": "tt-apps-srs",
  "version": "0.0.1",
  "lockfileVersion": 1,
  "requires": true,
  "dependencies": {
    "@json-editor/json-editor": {
      "version": "1.0.0",
      "resolved": "https://registry.npmjs.org/@json-editor/json-editor/-/json-editor-1.0.0.tgz",
      "integrity": "sha512-KwoDSGZhwEZtHDEUnUOqH6ddA633tVRoMpwy29haNPuFbaHJkdO8oHgu7JQrW/uC9Q+ZcNoZwldpEWvNJpp3/w=="
    }
  }
}
